
Microsoft Visual Studio Solution File, Format Version 12.00
# Visual Studio Version 17
VisualStudioVersion = 17.0.32014.148
MinimumVisualStudioVersion = 10.0.40219.1
Project("{FAE04EC0-301F-11D3-BF4B-00C04F79EFBC}") = "LeaveManagment.Web", "LeaveManagment.Web\LeaveManagment.Web.csproj", "{994BF5B6-451F-45FA-AFF0-C6997AEF2B7F}"
EndProject
Global
	GlobalSection(SolutionConfigurationPlatforms) = preSolution
		Debug|Any CPU = Debug|Any CPU
		Release|Any CPU = Release|Any CPU
	EndGlobalSection
	GlobalSection(ProjectConfigurationPlatforms) = postSolution
		{994BF5B6-451F-45FA-AFF0-C6997AEF2B7F}.Debug|Any CPU.ActiveCfg = Debug|Any CPU
		{994BF5B6-451F-45FA-AFF0-C6997AEF2B7F}.Debug|Any CPU.Build.0 = Debug|Any CPU
		{994BF5B6-451F-45FA-AFF0-C6997AEF2B7F}.Release|Any CPU.ActiveCfg = Release|Any CPU
		{994BF5B6-451F-45FA-AFF0-C6997AEF2B7F}.Release|Any CPU.Build.0 = Release|Any CPU
	EndGlobalSection
	GlobalSection(SolutionProperties) = preSolution
		HideSolutionNode = FALSE
	EndGlobalSection
	GlobalSection(ExtensibilityGlobals) = postSolution
		SolutionGuid = {4A2E9F36-6A39-44ED-8A45-3F02C2AA1876}
	EndGlobalSection
EndGlobal
